// !$*UTF8*$!
{
	archiveVersion = 1;
	classes = {
	};
	objectVersion = 46;
	objects = {

/* Begin PBXBuildFile section */
		D470CDF11D533A5A00C03634 /* Alipay.h in CopyFiles */ = {isa = PBXBuildFile; fileRef = D470CDF01D533A5A00C03634 /* Alipay.h */; };
		D470CDF31D533A5A00C03634 /* Alipay.m in Sources */ = {isa = PBXBuildFile; fileRef = D470CDF21D533A5A00C03634 /* Alipay.m */; };
		D470CDFB1D533A9C00C03634 /* AlipaySDK.framework in Frameworks */ = {isa = PBXBuildFile; fileRef = D470CDFA1D533A9C00C03634 /* AlipaySDK.framework */; };
/* End PBXBuildFile section */

/* Begin PBXCopyFilesBuildPhase section */
		D470CDEB1D533A5A00C03634 /* CopyFiles */ = {
			isa = PBXCopyFilesBuildPhase;
			buildActionMask = 2147483647;
			dstPath = "include/$(PRODUCT_NAME)";
			dstSubfolderSpec = 16;
			files = (
				D470CDF11D533A5A00C03634 /* Alipay.h in CopyFiles */,
			);
			runOnlyForDeploymentPostprocessing = 0;
		};
/* End PBXCopyFilesBuildPhase section */

/* Begin PBXFileReference section */
		D470CDED1D533A5A00C03634 /* libAlipay.a */ = {isa = PBXFileReference; explicitFileType = archive.ar; includeInIndex = 0; path = libAlipay.a; sourceTree = BUILT_PRODUCTS_DIR; };
		D470CDF01D533A5A00C03634 /* Alipay.h */ = {isa = PBXFileReference; lastKnownFileType = sourcecode.c.h; path = Alipay.h; sourceTree = "<group>"; };
		D470CDF21D533A5A00C03634 /* Alipay.m */ = {isa = PBXFileReference; lastKnownFileType = sourcecode.c.objc; path = Alipay.m; sourceTree = "<group>"; };
		D470CDF91D533A9C00C03634 /* AlipaySDK.bundle */ = {isa = PBXFileReference; lastKnownFileType = "wrapper.plug-in"; path = AlipaySDK.bundle; sourceTree = "<group>"; };
		D470CDFA1D533A9C00C03634 /* AlipaySDK.framework */ = {isa = PBXFileReference; lastKnownFileType = wrapper.framework; path = AlipaySDK.framework; sourceTree = "<group>"; };
/* End PBXFileReference section */

/* Begin PBXFrameworksBuildPhase section */
		D470CDEA1D533A5A00C03634 /* Frameworks */ = {
			isa = PBXFrameworksBuildPhase;
			buildActionMask = 2147483647;
			files = (
				D470CDFB1D533A9C00C03634 /* AlipaySDK.framework in Frameworks */,
			);
			runOnlyForDeploymentPostprocessing = 0;
		};
/* End PBXFrameworksBuildPhase section */

/* Begin PBXGroup section */
		D470CDE41D533A5A00C03634 = {
			isa = PBXGroup;
			children = (
				D470CDEF1D533A5A00C03634 /* Alipay */,
				D470CDEE1D533A5A00C03634 /* Products */,
			);
			sourceTree = "<group>";
		};
		D470CDEE1D533A5A00C03634 /* Products */ = {
			isa = PBXGroup;
			children = (
				D470CDED1D533A5A00C03634 /* libAlipay.a */,
			);
			name = Products;
			sourceTree = "<group>";
		};
		D470CDEF1D533A5A00C03634 /* Alipay */ = {
			isa = PBXGroup;
			children = (
				D470CDFC1D533AB600C03634 /* AlipaySDK */,
				D470CDF01D533A5A00C03634 /* Alipay.h */,
				D470CDF21D533A5A00C03634 /* Alipay.m */,
			);
			path = Alipay;
			sourceTree = "<group>";
		};
		D470CDFC1D533AB600C03634 /* AlipaySDK */ = {
			isa = PBXGroup;
			children = (
				D470CDF91D533A9C00C03634 /* AlipaySDK.bundle */,
				D470CDFA1D533A9C00C03634 /* AlipaySDK.framework */,
			);
			name = AlipaySDK;
			sourceTree = "<group>";
		};
/* End PBXGroup section */

/* Begin PBXNativeTarget section */
		D470CDEC1D533A5A00C03634 /* Alipay */ = {
			isa = PBXNativeTarget;
			buildConfigurationList = D470CDF61D533A5A00C03634 /* Build configuration list for PBXNativeTarget "Alipay" */;
			buildPhases = (
				D470CDE91D533A5A00C03634 /* Sources */,
				D470CDEA1D533A5A00C03634 /* Frameworks */,
				D470CDEB1D533A5A00C03634 /* CopyFiles */,
			);
			buildRules = (
			);
			dependencies = (
			);
			name = Alipay;
			productName = Alipay;
			productReference = D470CDED1D533A5A00C03634 /* libAlipay.a */;
			productType = "com.apple.product-type.library.static";
		};
/* End PBXNativeTarget section */

/* Begin PBXProject section */
		D470CDE51D533A5A00C03634 /* Project object */ = {
			isa = PBXProject;
			attributes = {
				LastUpgradeCheck = 0730;
				ORGANIZATIONNAME = cn.com.jiuqi;
				TargetAttributes = {
					D470CDEC1D533A5A00C03634 = {
						CreatedOnToolsVersion = 7.3.1;
					};
				};
			};
			buildConfigurationList = D470CDE81D533A5A00C03634 /* Build configuration list for PBXProject "Alipay" */;
			compatibilityVersion = "Xcode 3.2";
			developmentRegion = English;
			hasScannedForEncodings = 0;
			knownRegions = (
				en,
			);
			mainGroup = D470CDE41D533A5A00C03634;
			productRefGroup = D470CDEE1D533A5A00C03634 /* Products */;
			projectDirPath = "";
			projectRoot = "";
			targets = (
				D470CDEC1D533A5A00C03634 /* Alipay */,
			);
		};
/* End PBXProject section */

/* Begin PBXSourcesBuildPhase section */
		D470CDE91D533A5A00C03634 /* Sources */ = {
			isa = PBXSourcesBuildPhase;
			buildActionMask = 2147483647;
			files = (
				D470CDF31D533A5A00C03634 /* Alipay.m in Sources */,
			);
			runOnlyForDeploymentPostprocessing = 0;
		};
/* End PBXSourcesBuildPhase section */

/* Begin XCBuildConfiguration section */
		D470CDF41D533A5A00C03634 /* Debug */ = {
			isa = XCBuildConfiguration;
			buildSettings = {
				ALWAYS_SEARCH_USER_PATHS = NO;
				CLANG_ANALYZER_NONNULL = YES;
				CLANG_CXX_LANGUAGE_STANDARD = "gnu++0x";
				CLANG_CXX_LIBRARY = "libc++";
				CLANG_ENABLE_MODULES = YES;
				CLANG_ENABLE_OBJC_ARC = YES;
				CLANG_WARN_BOOL_CONVERSION = YES;
				CLANG_WARN_CONSTANT_CONVERSION = YES;
				CLANG_WARN_DIRECT_OBJC_ISA_USAGE = YES_ERROR;
				CLANG_WARN_EMPTY_BODY = YES;
				CLANG_WARN_ENUM_CONVERSION = YES;
				CLANG_WARN_INT_CONVERSION = YES;
				CLANG_WARN_OBJC_ROOT_CLASS = YES_ERROR;
				CLANG_WARN_UNREACHABLE_CODE = YES;
				CLANG_WARN__DUPLICATE_METHOD_MATCH = YES;
				"CODE_SIGN_IDENTITY[sdk=iphoneos*]" = "iPhone Developer";
				COPY_PHASE_STRIP = NO;
				DEBUG_INFORMATION_FORMAT = dwarf;
				ENABLE_STRICT_OBJC_MSGSEND = YES;
				ENABLE_TESTABILITY = YES;
				GCC_C_LANGUAGE_STANDARD = gnu99;
				GCC_DYNAMIC_NO_PIC = NO;
				GCC_NO_COMMON_BLOCKS = YES;
				GCC_OPTIMIZATION_LEVEL = 0;
				GCC_PREPROCESSOR_DEFINITIONS = (
					"DEBUG=1",
					"$(inherited)",
				);
				GCC_WARN_64_TO_32_BIT_CONVERSION = YES;
				GCC_WARN_ABOUT_RETURN_TYPE = YES_ERROR;
				GCC_WARN_UNDECLARED_SELECTOR = YES;
				GCC_WARN_UNINITIALIZED_AUTOS = YES_AGGRESSIVE;
				GCC_WARN_UNUSED_FUNCTION = YES;
				GCC_WARN_UNUSED_VARIABLE = YES;
				IPHONEOS_DEPLOYMENT_TARGET = 7.0;
				MTL_ENABLE_DEBUG_INFO = YES;
				ONLY_ACTIVE_ARCH = YES;
				SDKROOT = iphoneos;
			};
			name = Debug;
		};
		D470CDF51D533A5A00C03634 /* Release */ = {
			isa = XCBuildConfiguration;
			buildSettings = {
				ALWAYS_SEARCH_USER_PATHS = NO;
				CLANG_ANALYZER_NONNULL = YES;
				CLANG_CXX_LANGUAGE_STANDARD = "gnu++0x";
				CLANG_CXX_LIBRARY = "libc++";
				CLANG_ENABLE_MODULES = YES;
				CLANG_ENABLE_OBJC_ARC = YES;
				CLANG_WARN_BOOL_CONVERSION = YES;
				CLANG_WARN_CONSTANT_CONVERSION = YES;
				CLANG_WARN_DIRECT_OBJC_ISA_USAGE = YES_ERROR;
				CLANG_WARN_EMPTY_BODY = YES;
				CLANG_WARN_ENUM_CONVERSION = YES;
				CLANG_WARN_INT_CONVERSION = YES;
				CLANG_WARN_OBJC_ROOT_CLASS = YES_ERROR;
				CLANG_WARN_UNREACHABLE_CODE = YES;
				CLANG_WARN__DUPLICATE_METHOD_MATCH = YES;
				"CODE_SIGN_IDENTITY[sdk=iphoneos*]" = "iPhone Developer";
				COPY_PHASE_STRIP = NO;
				DEBUG_INFORMATION_FORMAT = "dwarf-with-dsym";
				ENABLE_NS_ASSERTIONS = NO;
				ENABLE_STRICT_OBJC_MSGSEND = YES;
				GCC_C_LANGUAGE_STANDARD = gnu99;
				GCC_NO_COMMON_BLOCKS = YES;
				GCC_WARN_64_TO_32_BIT_CONVERSION = YES;
				GCC_WARN_ABOUT_RETURN_TYPE = YES_ERROR;
				GCC_WARN_UNDECLARED_SELECTOR = YES;
				GCC_WARN_UNINITIALIZED_AUTOS = YES_AGGRESSIVE;
				GCC_WARN_UNUSED_FUNCTION = YES;
				GCC_WARN_UNUSED_VARIABLE = YES;
				IPHONEOS_DEPLOYMENT_TARGET = 7.0;
				MTL_ENABLE_DEBUG_INFO = NO;
				SDKROOT = iphoneos;
				VALIDATE_PRODUCT = YES;
			};
			name = Release;
		};
		D470CDF71D533A5A00C03634 /* Debug */ = {
			isa = XCBuildConfiguration;
			buildSettings = {
				FRAMEWORK_SEARCH_PATHS = (
					"$(inherited)",
					"$(PROJECT_DIR)/Alipay",
				);
				HEADER_SEARCH_PATHS = "$(SRCROOT)/../../react-native/React/**";
				OTHER_LDFLAGS = "-ObjC";
				PRODUCT_NAME = "$(TARGET_NAME)";
				SKIP_INSTALL = YES;
			};
			name = Debug;
		};
		D470CDF81D533A5A00C03634 /* Release */ = {
			isa = XCBuildConfiguration;
			buildSettings = {
				FRAMEWORK_SEARCH_PATHS = (
					"$(inherited)",
					"$(PROJECT_DIR)/Alipay",
				);
				HEADER_SEARCH_PATHS = "$(SRCROOT)/../../react-native/React/**";
				OTHER_LDFLAGS = "-ObjC";
				PRODUCT_NAME = "$(TARGET_NAME)";
				SKIP_INSTALL = YES;
			};
			name = Release;
		};
/* End XCBuildConfiguration section */

/* Begin XCConfigurationList section */
		D470CDE81D533A5A00C03634 /* Build configuration list for PBXProject "Alipay" */ = {
			isa = XCConfigurationList;
			buildConfigurations = (
				D470CDF41D533A5A00C03634 /* Debug */,
				D470CDF51D533A5A00C03634 /* Release */,
			);
			defaultConfigurationIsVisible = 0;
			defaultConfigurationName = Release;
		};
		D470CDF61D533A5A00C03634 /* Build configuration list for PBXNativeTarget "Alipay" */ = {
			isa = XCConfigurationList;
			buildConfigurations = (
				D470CDF71D533A5A00C03634 /* Debug */,
				D470CDF81D533A5A00C03634 /* Release */,
			);
			defaultConfigurationIsVisible = 0;
			defaultConfigurationName = Release;
		};
/* End XCConfigurationList section */
	};
	rootObject = D470CDE51D533A5A00C03634 /* Project object */;
}
